
Microsoft Visual Studio Solution File, Format Version 12.00
# Visual Studio 15
VisualStudioVersion = 15.0.28010.2016
MinimumVisualStudioVersion = 10.0.40219.1
Project("{FAE04EC0-301F-11D3-BF4B-00C04F79EFBC}") = "SpatialiteDataTable", "SpatialiteDataTable\SpatialiteDataTable.csproj", "{05A2AB7D-EB72-4136-ADC8-9462E3317159}"
EndProject
Global
	GlobalSection(SolutionConfigurationPlatforms) = preSolution
		Debug|Any CPU = Debug|Any CPU
		Release|Any CPU = Release|Any CPU
	EndGlobalSection
	GlobalSection(ProjectConfigurationPlatforms) = postSolution
		{05A2AB7D-EB72-4136-ADC8-9462E3317159}.Debug|Any CPU.ActiveCfg = Debug|Any CPU
		{05A2AB7D-EB72-4136-ADC8-9462E3317159}.Debug|Any CPU.Build.0 = Debug|Any CPU
		{05A2AB7D-EB72-4136-ADC8-9462E3317159}.Release|Any CPU.ActiveCfg = Release|Any CPU
		{05A2AB7D-EB72-4136-ADC8-9462E3317159}.Release|Any CPU.Build.0 = Release|Any CPU
	EndGlobalSection
	GlobalSection(SolutionProperties) = preSolution
		HideSolutionNode = FALSE
	EndGlobalSection
	GlobalSection(ExtensibilityGlobals) = postSolution
		SolutionGuid = {CDA49007-5234-4A25-8E76-48599D146C67}
	EndGlobalSection
EndGlobal
